
Microsoft Visual Studio Solution File, Format Version 12.00
Project("{FAE04EC0-301F-11D3-BF4B-00C04F79EFBC}") = "ConsoleApp2", "ConsoleApp2\ConsoleApp2.csproj", "{43E15D3E-D2CF-48D0-8443-9399F5680A66}"
EndProject
Project("{FAE04EC0-301F-11D3-BF4B-00C04F79EFBC}") = "Ejercicios", "Ejercicios\Ejercicios.csproj", "{D5882B2A-F178-4956-B814-BDF29DC3F965}"
EndProject
Global
	GlobalSection(SolutionConfigurationPlatforms) = preSolution
		Debug|Any CPU = Debug|Any CPU
		Release|Any CPU = Release|Any CPU
	EndGlobalSection
	GlobalSection(ProjectConfigurationPlatforms) = postSolution
		{43E15D3E-D2CF-48D0-8443-9399F5680A66}.Debug|Any CPU.ActiveCfg = Debug|Any CPU
		{43E15D3E-D2CF-48D0-8443-9399F5680A66}.Debug|Any CPU.Build.0 = Debug|Any CPU
		{43E15D3E-D2CF-48D0-8443-9399F5680A66}.Release|Any CPU.ActiveCfg = Release|Any CPU
		{43E15D3E-D2CF-48D0-8443-9399F5680A66}.Release|Any CPU.Build.0 = Release|Any CPU
		{D5882B2A-F178-4956-B814-BDF29DC3F965}.Debug|Any CPU.ActiveCfg = Debug|Any CPU
		{D5882B2A-F178-4956-B814-BDF29DC3F965}.Debug|Any CPU.Build.0 = Debug|Any CPU
		{D5882B2A-F178-4956-B814-BDF29DC3F965}.Release|Any CPU.ActiveCfg = Release|Any CPU
		{D5882B2A-F178-4956-B814-BDF29DC3F965}.Release|Any CPU.Build.0 = Release|Any CPU
	EndGlobalSection
EndGlobal
